
Microsoft Visual Studio Solution File, Format Version 12.00
# Visual Studio Version 17
VisualStudioVersion = 17.0.32112.339
MinimumVisualStudioVersion = 10.0.40219.1
Project("{9A19103F-16F7-4668-BE54-9A1E7A4F7556}") = "Quicken.DateFixer.Api", "Quicken.DateFixer.Api\Quicken.DateFixer.Api.csproj", "{3FECB3B8-1838-400E-B189-1730E7345CE0}"
EndProject
Project("{9A19103F-16F7-4668-BE54-9A1E7A4F7556}") = "Quicken.DateFixer.Tests", "Quicken.DateFixer.Tests\Quicken.DateFixer.Tests.csproj", "{A2271FFB-4A80-4FCC-B98E-0A9338B7EABA}"
EndProject
Project("{2150E333-8FDC-42A3-9474-1A3956D46DE8}") = "Solution Files", "Solution Files", "{B262AF06-EAC9-4345-BB5A-8CC69BD98312}"
	ProjectSection(SolutionItems) = preProject
		Dockerfile = Dockerfile
	EndProjectSection
EndProject
Project("{FAE04EC0-301F-11D3-BF4B-00C04F79EFBC}") = "Quicken.DateFixer.MinApi", "Quicken.DateFixer.MinApi\Quicken.DateFixer.MinApi.csproj", "{9F7A7AC9-9D5F-4B62-8E47-E9C76529CA54}"
EndProject
Project("{FAE04EC0-301F-11D3-BF4B-00C04F79EFBC}") = "Quicken.DateFixer.Domain", "Quicken.DateFixer.Domain\Quicken.DateFixer.Domain.csproj", "{CF2C4C2B-6B58-427C-838D-E8AF6F062B5A}"
EndProject
Project("{FAE04EC0-301F-11D3-BF4B-00C04F79EFBC}") = "Quicken.DateFixer.Services", "Quicken.DateFixer.Services\Quicken.DateFixer.Services.csproj", "{0B0CF6A2-88DF-4CC6-95CD-53376555CA08}"
EndProject
Global
	GlobalSection(SolutionConfigurationPlatforms) = preSolution
		Debug|Any CPU = Debug|Any CPU
		Release|Any CPU = Release|Any CPU
	EndGlobalSection
	GlobalSection(ProjectConfigurationPlatforms) = postSolution
		{3FECB3B8-1838-400E-B189-1730E7345CE0}.Debug|Any CPU.ActiveCfg = Debug|Any CPU
		{3FECB3B8-1838-400E-B189-1730E7345CE0}.Debug|Any CPU.Build.0 = Debug|Any CPU
		{3FECB3B8-1838-400E-B189-1730E7345CE0}.Release|Any CPU.ActiveCfg = Release|Any CPU
		{3FECB3B8-1838-400E-B189-1730E7345CE0}.Release|Any CPU.Build.0 = Release|Any CPU
		{A2271FFB-4A80-4FCC-B98E-0A9338B7EABA}.Debug|Any CPU.ActiveCfg = Debug|Any CPU
		{A2271FFB-4A80-4FCC-B98E-0A9338B7EABA}.Debug|Any CPU.Build.0 = Debug|Any CPU
		{A2271FFB-4A80-4FCC-B98E-0A9338B7EABA}.Release|Any CPU.ActiveCfg = Release|Any CPU
		{A2271FFB-4A80-4FCC-B98E-0A9338B7EABA}.Release|Any CPU.Build.0 = Release|Any CPU
		{9F7A7AC9-9D5F-4B62-8E47-E9C76529CA54}.Debug|Any CPU.ActiveCfg = Debug|Any CPU
		{9F7A7AC9-9D5F-4B62-8E47-E9C76529CA54}.Debug|Any CPU.Build.0 = Debug|Any CPU
		{9F7A7AC9-9D5F-4B62-8E47-E9C76529CA54}.Release|Any CPU.ActiveCfg = Release|Any CPU
		{9F7A7AC9-9D5F-4B62-8E47-E9C76529CA54}.Release|Any CPU.Build.0 = Release|Any CPU
		{CF2C4C2B-6B58-427C-838D-E8AF6F062B5A}.Debug|Any CPU.ActiveCfg = Debug|Any CPU
		{CF2C4C2B-6B58-427C-838D-E8AF6F062B5A}.Debug|Any CPU.Build.0 = Debug|Any CPU
		{CF2C4C2B-6B58-427C-838D-E8AF6F062B5A}.Release|Any CPU.ActiveCfg = Release|Any CPU
		{CF2C4C2B-6B58-427C-838D-E8AF6F062B5A}.Release|Any CPU.Build.0 = Release|Any CPU
		{0B0CF6A2-88DF-4CC6-95CD-53376555CA08}.Debug|Any CPU.ActiveCfg = Debug|Any CPU
		{0B0CF6A2-88DF-4CC6-95CD-53376555CA08}.Debug|Any CPU.Build.0 = Debug|Any CPU
		{0B0CF6A2-88DF-4CC6-95CD-53376555CA08}.Release|Any CPU.ActiveCfg = Release|Any CPU
		{0B0CF6A2-88DF-4CC6-95CD-53376555CA08}.Release|Any CPU.Build.0 = Release|Any CPU
	EndGlobalSection
	GlobalSection(SolutionProperties) = preSolution
		HideSolutionNode = FALSE
	EndGlobalSection
	GlobalSection(ExtensibilityGlobals) = postSolution
		SolutionGuid = {891383EA-DD50-4BC0-95E2-10D2A4D8A9D5}
	EndGlobalSection
EndGlobal
